// !$*UTF8*$!
{
	archiveVersion = 1;
	classes = {
	};
	objectVersion = 50;
	objects = {

/* Begin PBXBuildFile section */
		CFB75B1426209E23008B583B /* AppDelegate.swift in Sources */ = {isa = PBXBuildFile; fileRef = CFB75B1326209E23008B583B /* AppDelegate.swift */; };
		CFB75B1626209E23008B583B /* SceneDelegate.swift in Sources */ = {isa = PBXBuildFile; fileRef = CFB75B1526209E23008B583B /* SceneDelegate.swift */; };
		CFB75B1826209E23008B583B /* ViewController.swift in Sources */ = {isa = PBXBuildFile; fileRef = CFB75B1726209E23008B583B /* ViewController.swift */; };
		CFB75B1B26209E23008B583B /* Main.storyboard in Resources */ = {isa = PBXBuildFile; fileRef = CFB75B1926209E23008B583B /* Main.storyboard */; };
		CFB75B1D26209E26008B583B /* Assets.xcassets in Resources */ = {isa = PBXBuildFile; fileRef = CFB75B1C26209E26008B583B /* Assets.xcassets */; };
		CFB75B2026209E26008B583B /* LaunchScreen.storyboard in Resources */ = {isa = PBXBuildFile; fileRef = CFB75B1E26209E26008B583B /* LaunchScreen.storyboard */; };
		CFB75B2B26209E26008B583B /* PopPickerTests.swift in Sources */ = {isa = PBXBuildFile; fileRef = CFB75B2A26209E26008B583B /* PopPickerTests.swift */; };
		CFB75B3626209E26008B583B /* PopPickerUITests.swift in Sources */ = {isa = PBXBuildFile; fileRef = CFB75B3526209E26008B583B /* PopPickerUITests.swift */; };
/* End PBXBuildFile section */

/* Begin PBXContainerItemProxy section */
		CFB75B2726209E26008B583B /* PBXContainerItemProxy */ = {
			isa = PBXContainerItemProxy;
			containerPortal = CFB75B0826209E23008B583B /* Project object */;
			proxyType = 1;
			remoteGlobalIDString = CFB75B0F26209E23008B583B;
			remoteInfo = PopPicker;
		};
		CFB75B3226209E26008B583B /* PBXContainerItemProxy */ = {
			isa = PBXContainerItemProxy;
			containerPortal = CFB75B0826209E23008B583B /* Project object */;
			proxyType = 1;
			remoteGlobalIDString = CFB75B0F26209E23008B583B;
			remoteInfo = PopPicker;
		};
/* End PBXContainerItemProxy section */

/* Begin PBXFileReference section */
		CFB75B1026209E23008B583B /* PopPicker.app */ = {isa = PBXFileReference; explicitFileType = wrapper.application; includeInIndex = 0; path = PopPicker.app; sourceTree = BUILT_PRODUCTS_DIR; };
		CFB75B1326209E23008B583B /* AppDelegate.swift */ = {isa = PBXFileReference; lastKnownFileType = sourcecode.swift; path = AppDelegate.swift; sourceTree = "<group>"; };
		CFB75B1526209E23008B583B /* SceneDelegate.swift */ = {isa = PBXFileReference; lastKnownFileType = sourcecode.swift; path = SceneDelegate.swift; sourceTree = "<group>"; };
		CFB75B1726209E23008B583B /* ViewController.swift */ = {isa = PBXFileReference; lastKnownFileType = sourcecode.swift; path = ViewController.swift; sourceTree = "<group>"; };
		CFB75B1A26209E23008B583B /* Base */ = {isa = PBXFileReference; lastKnownFileType = file.storyboard; name = Base; path = Base.lproj/Main.storyboard; sourceTree = "<group>"; };
		CFB75B1C26209E26008B583B /* Assets.xcassets */ = {isa = PBXFileReference; lastKnownFileType = folder.assetcatalog; path = Assets.xcassets; sourceTree = "<group>"; };
		CFB75B1F26209E26008B583B /* Base */ = {isa = PBXFileReference; lastKnownFileType = file.storyboard; name = Base; path = Base.lproj/LaunchScreen.storyboard; sourceTree = "<group>"; };
		CFB75B2126209E26008B583B /* Info.plist */ = {isa = PBXFileReference; lastKnownFileType = text.plist.xml; path = Info.plist; sourceTree = "<group>"; };
		CFB75B2626209E26008B583B /* PopPickerTests.xctest */ = {isa = PBXFileReference; explicitFileType = wrapper.cfbundle; includeInIndex = 0; path = PopPickerTests.xctest; sourceTree = BUILT_PRODUCTS_DIR; };
		CFB75B2A26209E26008B583B /* PopPickerTests.swift */ = {isa = PBXFileReference; lastKnownFileType = sourcecode.swift; path = PopPickerTests.swift; sourceTree = "<group>"; };
		CFB75B2C26209E26008B583B /* Info.plist */ = {isa = PBXFileReference; lastKnownFileType = text.plist.xml; path = Info.plist; sourceTree = "<group>"; };
		CFB75B3126209E26008B583B /* PopPickerUITests.xctest */ = {isa = PBXFileReference; explicitFileType = wrapper.cfbundle; includeInIndex = 0; path = PopPickerUITests.xctest; sourceTree = BUILT_PRODUCTS_DIR; };
		CFB75B3526209E26008B583B /* PopPickerUITests.swift */ = {isa = PBXFileReference; lastKnownFileType = sourcecode.swift; path = PopPickerUITests.swift; sourceTree = "<group>"; };
		CFB75B3726209E26008B583B /* Info.plist */ = {isa = PBXFileReference; lastKnownFileType = text.plist.xml; path = Info.plist; sourceTree = "<group>"; };
/* End PBXFileReference section */

/* Begin PBXFrameworksBuildPhase section */
		CFB75B0D26209E23008B583B /* Frameworks */ = {
			isa = PBXFrameworksBuildPhase;
			buildActionMask = 2147483647;
			files = (
			);
			runOnlyForDeploymentPostprocessing = 0;
		};
		CFB75B2326209E26008B583B /* Frameworks */ = {
			isa = PBXFrameworksBuildPhase;
			buildActionMask = 2147483647;
			files = (
			);
			runOnlyForDeploymentPostprocessing = 0;
		};
		CFB75B2E26209E26008B583B /* Frameworks */ = {
			isa = PBXFrameworksBuildPhase;
			buildActionMask = 2147483647;
			files = (
			);
			runOnlyForDeploymentPostprocessing = 0;
		};
/* End PBXFrameworksBuildPhase section */

/* Begin PBXGroup section */
		CFB75B0726209E23008B583B = {
			isa = PBXGroup;
			children = (
				CFB75B1226209E23008B583B /* PopPicker */,
				CFB75B2926209E26008B583B /* PopPickerTests */,
				CFB75B3426209E26008B583B /* PopPickerUITests */,
				CFB75B1126209E23008B583B /* Products */,
			);
			sourceTree = "<group>";
		};
		CFB75B1126209E23008B583B /* Products */ = {
			isa = PBXGroup;
			children = (
				CFB75B1026209E23008B583B /* PopPicker.app */,
				CFB75B2626209E26008B583B /* PopPickerTests.xctest */,
				CFB75B3126209E26008B583B /* PopPickerUITests.xctest */,
			);
			name = Products;
			sourceTree = "<group>";
		};
		CFB75B1226209E23008B583B /* PopPicker */ = {
			isa = PBXGroup;
			children = (
				CFB75B1326209E23008B583B /* AppDelegate.swift */,
				CFB75B1526209E23008B583B /* SceneDelegate.swift */,
				CFB75B1726209E23008B583B /* ViewController.swift */,
				CFB75B1926209E23008B583B /* Main.storyboard */,
				CFB75B1C26209E26008B583B /* Assets.xcassets */,
				CFB75B1E26209E26008B583B /* LaunchScreen.storyboard */,
				CFB75B2126209E26008B583B /* Info.plist */,
			);
			path = PopPicker;
			sourceTree = "<group>";
		};
		CFB75B2926209E26008B583B /* PopPickerTests */ = {
			isa = PBXGroup;
			children = (
				CFB75B2A26209E26008B583B /* PopPickerTests.swift */,
				CFB75B2C26209E26008B583B /* Info.plist */,
			);
			path = PopPickerTests;
			sourceTree = "<group>";
		};
		CFB75B3426209E26008B583B /* PopPickerUITests */ = {
			isa = PBXGroup;
			children = (
				CFB75B3526209E26008B583B /* PopPickerUITests.swift */,
				CFB75B3726209E26008B583B /* Info.plist */,
			);
			path = PopPickerUITests;
			sourceTree = "<group>";
		};
/* End PBXGroup section */

/* Begin PBXNativeTarget section */
		CFB75B0F26209E23008B583B /* PopPicker */ = {
			isa = PBXNativeTarget;
			buildConfigurationList = CFB75B3A26209E26008B583B /* Build configuration list for PBXNativeTarget "PopPicker" */;
			buildPhases = (
				CFB75B0C26209E23008B583B /* Sources */,
				CFB75B0D26209E23008B583B /* Frameworks */,
				CFB75B0E26209E23008B583B /* Resources */,
			);
			buildRules = (
			);
			dependencies = (
			);
			name = PopPicker;
			productName = PopPicker;
			productReference = CFB75B1026209E23008B583B /* PopPicker.app */;
			productType = "com.apple.product-type.application";
		};
		CFB75B2526209E26008B583B /* PopPickerTests */ = {
			isa = PBXNativeTarget;
			buildConfigurationList = CFB75B3D26209E26008B583B /* Build configuration list for PBXNativeTarget "PopPickerTests" */;
			buildPhases = (
				CFB75B2226209E26008B583B /* Sources */,
				CFB75B2326209E26008B583B /* Frameworks */,
				CFB75B2426209E26008B583B /* Resources */,
			);
			buildRules = (
			);
			dependencies = (
				CFB75B2826209E26008B583B /* PBXTargetDependency */,
			);
			name = PopPickerTests;
			productName = PopPickerTests;
			productReference = CFB75B2626209E26008B583B /* PopPickerTests.xctest */;
			productType = "com.apple.product-type.bundle.unit-test";
		};
		CFB75B3026209E26008B583B /* PopPickerUITests */ = {
			isa = PBXNativeTarget;
			buildConfigurationList = CFB75B4026209E26008B583B /* Build configuration list for PBXNativeTarget "PopPickerUITests" */;
			buildPhases = (
				CFB75B2D26209E26008B583B /* Sources */,
				CFB75B2E26209E26008B583B /* Frameworks */,
				CFB75B2F26209E26008B583B /* Resources */,
			);
			buildRules = (
			);
			dependencies = (
				CFB75B3326209E26008B583B /* PBXTargetDependency */,
			);
			name = PopPickerUITests;
			productName = PopPickerUITests;
			productReference = CFB75B3126209E26008B583B /* PopPickerUITests.xctest */;
			productType = "com.apple.product-type.bundle.ui-testing";
		};
/* End PBXNativeTarget section */

/* Begin PBXProject section */
		CFB75B0826209E23008B583B /* Project object */ = {
			isa = PBXProject;
			attributes = {
				LastSwiftUpdateCheck = 1240;
				LastUpgradeCheck = 1240;
				TargetAttributes = {
					CFB75B0F26209E23008B583B = {
						CreatedOnToolsVersion = 12.4;
					};
					CFB75B2526209E26008B583B = {
						CreatedOnToolsVersion = 12.4;
						TestTargetID = CFB75B0F26209E23008B583B;
					};
					CFB75B3026209E26008B583B = {
						CreatedOnToolsVersion = 12.4;
						TestTargetID = CFB75B0F26209E23008B583B;
					};
				};
			};
			buildConfigurationList = CFB75B0B26209E23008B583B /* Build configuration list for PBXProject "PopPicker" */;
			compatibilityVersion = "Xcode 9.3";
			developmentRegion = en;
			hasScannedForEncodings = 0;
			knownRegions = (
				en,
				Base,
			);
			mainGroup = CFB75B0726209E23008B583B;
			productRefGroup = CFB75B1126209E23008B583B /* Products */;
			projectDirPath = "";
			projectRoot = "";
			targets = (
				CFB75B0F26209E23008B583B /* PopPicker */,
				CFB75B2526209E26008B583B /* PopPickerTests */,
				CFB75B3026209E26008B583B /* PopPickerUITests */,
			);
		};
/* End PBXProject section */

/* Begin PBXResourcesBuildPhase section */
		CFB75B0E26209E23008B583B /* Resources */ = {
			isa = PBXResourcesBuildPhase;
			buildActionMask = 2147483647;
			files = (
				CFB75B2026209E26008B583B /* LaunchScreen.storyboard in Resources */,
				CFB75B1D26209E26008B583B /* Assets.xcassets in Resources */,
				CFB75B1B26209E23008B583B /* Main.storyboard in Resources */,
			);
			runOnlyForDeploymentPostprocessing = 0;
		};
		CFB75B2426209E26008B583B /* Resources */ = {
			isa = PBXResourcesBuildPhase;
			buildActionMask = 2147483647;
			files = (
			);
			runOnlyForDeploymentPostprocessing = 0;
		};
		CFB75B2F26209E26008B583B /* Resources */ = {
			isa = PBXResourcesBuildPhase;
			buildActionMask = 2147483647;
			files = (
			);
			runOnlyForDeploymentPostprocessing = 0;
		};
/* End PBXResourcesBuildPhase section */

/* Begin PBXSourcesBuildPhase section */
		CFB75B0C26209E23008B583B /* Sources */ = {
			isa = PBXSourcesBuildPhase;
			buildActionMask = 2147483647;
			files = (
				CFB75B1826209E23008B583B /* ViewController.swift in Sources */,
				CFB75B1426209E23008B583B /* AppDelegate.swift in Sources */,
				CFB75B1626209E23008B583B /* SceneDelegate.swift in Sources */,
			);
			runOnlyForDeploymentPostprocessing = 0;
		};
		CFB75B2226209E26008B583B /* Sources */ = {
			isa = PBXSourcesBuildPhase;
			buildActionMask = 2147483647;
			files = (
				CFB75B2B26209E26008B583B /* PopPickerTests.swift in Sources */,
			);
			runOnlyForDeploymentPostprocessing = 0;
		};
		CFB75B2D26209E26008B583B /* Sources */ = {
			isa = PBXSourcesBuildPhase;
			buildActionMask = 2147483647;
			files = (
				CFB75B3626209E26008B583B /* PopPickerUITests.swift in Sources */,
			);
			runOnlyForDeploymentPostprocessing = 0;
		};
/* End PBXSourcesBuildPhase section */

/* Begin PBXTargetDependency section */
		CFB75B2826209E26008B583B /* PBXTargetDependency */ = {
			isa = PBXTargetDependency;
			target = CFB75B0F26209E23008B583B /* PopPicker */;
			targetProxy = CFB75B2726209E26008B583B /* PBXContainerItemProxy */;
		};
		CFB75B3326209E26008B583B /* PBXTargetDependency */ = {
			isa = PBXTargetDependency;
			target = CFB75B0F26209E23008B583B /* PopPicker */;
			targetProxy = CFB75B3226209E26008B583B /* PBXContainerItemProxy */;
		};
/* End PBXTargetDependency section */

/* Begin PBXVariantGroup section */
		CFB75B1926209E23008B583B /* Main.storyboard */ = {
			isa = PBXVariantGroup;
			children = (
				CFB75B1A26209E23008B583B /* Base */,
			);
			name = Main.storyboard;
			sourceTree = "<group>";
		};
		CFB75B1E26209E26008B583B /* LaunchScreen.storyboard */ = {
			isa = PBXVariantGroup;
			children = (
				CFB75B1F26209E26008B583B /* Base */,
			);
			name = LaunchScreen.storyboard;
			sourceTree = "<group>";
		};
/* End PBXVariantGroup section */

/* Begin XCBuildConfiguration section */
		CFB75B3826209E26008B583B /* Debug */ = {
			isa = XCBuildConfiguration;
			buildSettings = {
				ALWAYS_SEARCH_USER_PATHS = NO;
				CLANG_ANALYZER_NONNULL = YES;
				CLANG_ANALYZER_NUMBER_OBJECT_CONVERSION = YES_AGGRESSIVE;
				CLANG_CXX_LANGUAGE_STANDARD = "gnu++14";
				CLANG_CXX_LIBRARY = "libc++";
				CLANG_ENABLE_MODULES = YES;
				CLANG_ENABLE_OBJC_ARC = YES;
				CLANG_ENABLE_OBJC_WEAK = YES;
				CLANG_WARN_BLOCK_CAPTURE_AUTORELEASING = YES;
				CLANG_WARN_BOOL_CONVERSION = YES;
				CLANG_WARN_COMMA = YES;
				CLANG_WARN_CONSTANT_CONVERSION = YES;
				CLANG_WARN_DEPRECATED_OBJC_IMPLEMENTATIONS = YES;
				CLANG_WARN_DIRECT_OBJC_ISA_USAGE = YES_ERROR;
				CLANG_WARN_DOCUMENTATION_COMMENTS = YES;
				CLANG_WARN_EMPTY_BODY = YES;
				CLANG_WARN_ENUM_CONVERSION = YES;
				CLANG_WARN_INFINITE_RECURSION = YES;
				CLANG_WARN_INT_CONVERSION = YES;
				CLANG_WARN_NON_LITERAL_NULL_CONVERSION = YES;
				CLANG_WARN_OBJC_IMPLICIT_RETAIN_SELF = YES;
				CLANG_WARN_OBJC_LITERAL_CONVERSION = YES;
				CLANG_WARN_OBJC_ROOT_CLASS = YES_ERROR;
				CLANG_WARN_QUOTED_INCLUDE_IN_FRAMEWORK_HEADER = YES;
				CLANG_WARN_RANGE_LOOP_ANALYSIS = YES;
				CLANG_WARN_STRICT_PROTOTYPES = YES;
				CLANG_WARN_SUSPICIOUS_MOVE = YES;
				CLANG_WARN_UNGUARDED_AVAILABILITY = YES_AGGRESSIVE;
				CLANG_WARN_UNREACHABLE_CODE = YES;
				CLANG_WARN__DUPLICATE_METHOD_MATCH = YES;
				COPY_PHASE_STRIP = NO;
				DEBUG_INFORMATION_FORMAT = dwarf;
				ENABLE_STRICT_OBJC_MSGSEND = YES;
				ENABLE_TESTABILITY = YES;
				GCC_C_LANGUAGE_STANDARD = gnu11;
				GCC_DYNAMIC_NO_PIC = NO;
				GCC_NO_COMMON_BLOCKS = YES;
				GCC_OPTIMIZATION_LEVEL = 0;
				GCC_PREPROCESSOR_DEFINITIONS = (
					"DEBUG=1",
					"$(inherited)",
				);
				GCC_WARN_64_TO_32_BIT_CONVERSION = YES;
				GCC_WARN_ABOUT_RETURN_TYPE = YES_ERROR;
				GCC_WARN_UNDECLARED_SELECTOR = YES;
				GCC_WARN_UNINITIALIZED_AUTOS = YES_AGGRESSIVE;
				GCC_WARN_UNUSED_FUNCTION = YES;
				GCC_WARN_UNUSED_VARIABLE = YES;
				IPHONEOS_DEPLOYMENT_TARGET = 14.4;
				MTL_ENABLE_DEBUG_INFO = INCLUDE_SOURCE;
				MTL_FAST_MATH = YES;
				ONLY_ACTIVE_ARCH = YES;
				SDKROOT = iphoneos;
				SWIFT_ACTIVE_COMPILATION_CONDITIONS = DEBUG;
				SWIFT_OPTIMIZATION_LEVEL = "-Onone";
			};
			name = Debug;
		};
		CFB75B3926209E26008B583B /* Release */ = {
			isa = XCBuildConfiguration;
			buildSettings = {
				ALWAYS_SEARCH_USER_PATHS = NO;
				CLANG_ANALYZER_NONNULL = YES;
				CLANG_ANALYZER_NUMBER_OBJECT_CONVERSION = YES_AGGRESSIVE;
				CLANG_CXX_LANGUAGE_STANDARD = "gnu++14";
				CLANG_CXX_LIBRARY = "libc++";
				CLANG_ENABLE_MODULES = YES;
				CLANG_ENABLE_OBJC_ARC = YES;
				CLANG_ENABLE_OBJC_WEAK = YES;
				CLANG_WARN_BLOCK_CAPTURE_AUTORELEASING = YES;
				CLANG_WARN_BOOL_CONVERSION = YES;
				CLANG_WARN_COMMA = YES;
				CLANG_WARN_CONSTANT_CONVERSION = YES;
				CLANG_WARN_DEPRECATED_OBJC_IMPLEMENTATIONS = YES;
				CLANG_WARN_DIRECT_OBJC_ISA_USAGE = YES_ERROR;
				CLANG_WARN_DOCUMENTATION_COMMENTS = YES;
				CLANG_WARN_EMPTY_BODY = YES;
				CLANG_WARN_ENUM_CONVERSION = YES;
				CLANG_WARN_INFINITE_RECURSION = YES;
				CLANG_WARN_INT_CONVERSION = YES;
				CLANG_WARN_NON_LITERAL_NULL_CONVERSION = YES;
				CLANG_WARN_OBJC_IMPLICIT_RETAIN_SELF = YES;
				CLANG_WARN_OBJC_LITERAL_CONVERSION = YES;
				CLANG_WARN_OBJC_ROOT_CLASS = YES_ERROR;
				CLANG_WARN_QUOTED_INCLUDE_IN_FRAMEWORK_HEADER = YES;
				CLANG_WARN_RANGE_LOOP_ANALYSIS = YES;
				CLANG_WARN_STRICT_PROTOTYPES = YES;
				CLANG_WARN_SUSPICIOUS_MOVE = YES;
				CLANG_WARN_UNGUARDED_AVAILABILITY = YES_AGGRESSIVE;
				CLANG_WARN_UNREACHABLE_CODE = YES;
				CLANG_WARN__DUPLICATE_METHOD_MATCH = YES;
				COPY_PHASE_STRIP = NO;
				DEBUG_INFORMATION_FORMAT = "dwarf-with-dsym";
				ENABLE_NS_ASSERTIONS = NO;
				ENABLE_STRICT_OBJC_MSGSEND = YES;
				GCC_C_LANGUAGE_STANDARD = gnu11;
				GCC_NO_COMMON_BLOCKS = YES;
				GCC_WARN_64_TO_32_BIT_CONVERSION = YES;
				GCC_WARN_ABOUT_RETURN_TYPE = YES_ERROR;
				GCC_WARN_UNDECLARED_SELECTOR = YES;
				GCC_WARN_UNINITIALIZED_AUTOS = YES_AGGRESSIVE;
				GCC_WARN_UNUSED_FUNCTION = YES;
				GCC_WARN_UNUSED_VARIABLE = YES;
				IPHONEOS_DEPLOYMENT_TARGET = 14.4;
				MTL_ENABLE_DEBUG_INFO = NO;
				MTL_FAST_MATH = YES;
				SDKROOT = iphoneos;
				SWIFT_COMPILATION_MODE = wholemodule;
				SWIFT_OPTIMIZATION_LEVEL = "-O";
				VALIDATE_PRODUCT = YES;
			};
			name = Release;
		};
		CFB75B3B26209E26008B583B /* Debug */ = {
			isa = XCBuildConfiguration;
			buildSettings = {
				ASSETCATALOG_COMPILER_APPICON_NAME = AppIcon;
				ASSETCATALOG_COMPILER_GLOBAL_ACCENT_COLOR_NAME = AccentColor;
				CODE_SIGN_STYLE = Automatic;
				DEVELOPMENT_TEAM = B978H28CJL;
				INFOPLIST_FILE = PopPicker/Info.plist;
				LD_RUNPATH_SEARCH_PATHS = (
					"$(inherited)",
					"@executable_path/Frameworks",
				);
				PRODUCT_BUNDLE_IDENTIFIER = Macappstudio.PopPicker;
				PRODUCT_NAME = "$(TARGET_NAME)";
				SWIFT_VERSION = 5.0;
				TARGETED_DEVICE_FAMILY = "1,2";
			};
			name = Debug;
		};
		CFB75B3C26209E26008B583B /* Release */ = {
			isa = XCBuildConfiguration;
			buildSettings = {
				ASSETCATALOG_COMPILER_APPICON_NAME = AppIcon;
				ASSETCATALOG_COMPILER_GLOBAL_ACCENT_COLOR_NAME = AccentColor;
				CODE_SIGN_STYLE = Automatic;
				DEVELOPMENT_TEAM = B978H28CJL;
				INFOPLIST_FILE = PopPicker/Info.plist;
				LD_RUNPATH_SEARCH_PATHS = (
					"$(inherited)",
					"@executable_path/Frameworks",
				);
				PRODUCT_BUNDLE_IDENTIFIER = Macappstudio.PopPicker;
				PRODUCT_NAME = "$(TARGET_NAME)";
				SWIFT_VERSION = 5.0;
				TARGETED_DEVICE_FAMILY = "1,2";
			};
			name = Release;
		};
		CFB75B3E26209E26008B583B /* Debug */ = {
			isa = XCBuildConfiguration;
			buildSettings = {
				ALWAYS_EMBED_SWIFT_STANDARD_LIBRARIES = YES;
				BUNDLE_LOADER = "$(TEST_HOST)";
				CODE_SIGN_STYLE = Automatic;
				DEVELOPMENT_TEAM = B978H28CJL;
				INFOPLIST_FILE = PopPickerTests/Info.plist;
				IPHONEOS_DEPLOYMENT_TARGET = 14.4;
				LD_RUNPATH_SEARCH_PATHS = (
					"$(inherited)",
					"@executable_path/Frameworks",
					"@loader_path/Frameworks",
				);
				PRODUCT_BUNDLE_IDENTIFIER = Macappstudio.PopPickerTests;
				PRODUCT_NAME = "$(TARGET_NAME)";
				SWIFT_VERSION = 5.0;
				TARGETED_DEVICE_FAMILY = "1,2";
				TEST_HOST = "$(BUILT_PRODUCTS_DIR)/PopPicker.app/PopPicker";
			};
			name = Debug;
		};
		CFB75B3F26209E26008B583B /* Release */ = {
			isa = XCBuildConfiguration;
			buildSettings = {
				ALWAYS_EMBED_SWIFT_STANDARD_LIBRARIES = YES;
				BUNDLE_LOADER = "$(TEST_HOST)";
				CODE_SIGN_STYLE = Automatic;
				DEVELOPMENT_TEAM = B978H28CJL;
				INFOPLIST_FILE = PopPickerTests/Info.plist;
				IPHONEOS_DEPLOYMENT_TARGET = 14.4;
				LD_RUNPATH_SEARCH_PATHS = (
					"$(inherited)",
					"@executable_path/Frameworks",
					"@loader_path/Frameworks",
				);
				PRODUCT_BUNDLE_IDENTIFIER = Macappstudio.PopPickerTests;
				PRODUCT_NAME = "$(TARGET_NAME)";
				SWIFT_VERSION = 5.0;
				TARGETED_DEVICE_FAMILY = "1,2";
				TEST_HOST = "$(BUILT_PRODUCTS_DIR)/PopPicker.app/PopPicker";
			};
			name = Release;
		};
		CFB75B4126209E26008B583B /* Debug */ = {
			isa = XCBuildConfiguration;
			buildSettings = {
				ALWAYS_EMBED_SWIFT_STANDARD_LIBRARIES = YES;
				CODE_SIGN_STYLE = Automatic;
				DEVELOPMENT_TEAM = B978H28CJL;
				INFOPLIST_FILE = PopPickerUITests/Info.plist;
				LD_RUNPATH_SEARCH_PATHS = (
					"$(inherited)",
					"@executable_path/Frameworks",
					"@loader_path/Frameworks",
				);
				PRODUCT_BUNDLE_IDENTIFIER = Macappstudio.PopPickerUITests;
				PRODUCT_NAME = "$(TARGET_NAME)";
				SWIFT_VERSION = 5.0;
				TARGETED_DEVICE_FAMILY = "1,2";
				TEST_TARGET_NAME = PopPicker;
			};
			name = Debug;
		};
		CFB75B4226209E26008B583B /* Release */ = {
			isa = XCBuildConfiguration;
			buildSettings = {
				ALWAYS_EMBED_SWIFT_STANDARD_LIBRARIES = YES;
				CODE_SIGN_STYLE = Automatic;
				DEVELOPMENT_TEAM = B978H28CJL;
				INFOPLIST_FILE = PopPickerUITests/Info.plist;
				LD_RUNPATH_SEARCH_PATHS = (
					"$(inherited)",
					"@executable_path/Frameworks",
					"@loader_path/Frameworks",
				);
				PRODUCT_BUNDLE_IDENTIFIER = Macappstudio.PopPickerUITests;
				PRODUCT_NAME = "$(TARGET_NAME)";
				SWIFT_VERSION = 5.0;
				TARGETED_DEVICE_FAMILY = "1,2";
				TEST_TARGET_NAME = PopPicker;
			};
			name = Release;
		};
/* End XCBuildConfiguration section */

/* Begin XCConfigurationList section */
		CFB75B0B26209E23008B583B /* Build configuration list for PBXProject "PopPicker" */ = {
			isa = XCConfigurationList;
			buildConfigurations = (
				CFB75B3826209E26008B583B /* Debug */,
				CFB75B3926209E26008B583B /* Release */,
			);
			defaultConfigurationIsVisible = 0;
			defaultConfigurationName = Release;
		};
		CFB75B3A26209E26008B583B /* Build configuration list for PBXNativeTarget "PopPicker" */ = {
			isa = XCConfigurationList;
			buildConfigurations = (
				CFB75B3B26209E26008B583B /* Debug */,
				CFB75B3C26209E26008B583B /* Release */,
			);
			defaultConfigurationIsVisible = 0;
			defaultConfigurationName = Release;
		};
		CFB75B3D26209E26008B583B /* Build configuration list for PBXNativeTarget "PopPickerTests" */ = {
			isa = XCConfigurationList;
			buildConfigurations = (
				CFB75B3E26209E26008B583B /* Debug */,
				CFB75B3F26209E26008B583B /* Release */,
			);
			defaultConfigurationIsVisible = 0;
			defaultConfigurationName = Release;
		};
		CFB75B4026209E26008B583B /* Build configuration list for PBXNativeTarget "PopPickerUITests" */ = {
			isa = XCConfigurationList;
			buildConfigurations = (
				CFB75B4126209E26008B583B /* Debug */,
				CFB75B4226209E26008B583B /* Release */,
			);
			defaultConfigurationIsVisible = 0;
			defaultConfigurationName = Release;
		};
/* End XCConfigurationList section */
	};
	rootObject = CFB75B0826209E23008B583B /* Project object */;
}
